
Microsoft Visual Studio Solution File, Format Version 12.00
# Visual Studio 15
VisualStudioVersion = 15.0.26228.9
MinimumVisualStudioVersion = 10.0.40219.1
Project("{8BC9CEB8-8B4A-11D0-8D11-00A0C91BC942}") = "lab anim", "src\lab anim.vcxproj", "{F184FBF9-CB70-477E-AF5C-E83C4987361D}"
EndProject
Global
	GlobalSection(SolutionConfigurationPlatforms) = preSolution
		Debug|Win32 = Debug|Win32
		Debug|x64 = Debug|x64
		Debug|x86 = Debug|x86
		Release|Win32 = Release|Win32
		Release|x64 = Release|x64
		Release|x86 = Release|x86
	EndGlobalSection
	GlobalSection(ProjectConfigurationPlatforms) = postSolution
		{F184FBF9-CB70-477E-AF5C-E83C4987361D}.Debug|Win32.ActiveCfg = Debug|Win32
		{F184FBF9-CB70-477E-AF5C-E83C4987361D}.Debug|Win32.Build.0 = Debug|Win32
		{F184FBF9-CB70-477E-AF5C-E83C4987361D}.Debug|x64.ActiveCfg = Debug|x64
		{F184FBF9-CB70-477E-AF5C-E83C4987361D}.Debug|x64.Build.0 = Debug|x64
		{F184FBF9-CB70-477E-AF5C-E83C4987361D}.Debug|x86.ActiveCfg = Debug|Win32
		{F184FBF9-CB70-477E-AF5C-E83C4987361D}.Debug|x86.Build.0 = Debug|Win32
		{F184FBF9-CB70-477E-AF5C-E83C4987361D}.Release|Win32.ActiveCfg = Release|Win32
		{F184FBF9-CB70-477E-AF5C-E83C4987361D}.Release|Win32.Build.0 = Release|Win32
		{F184FBF9-CB70-477E-AF5C-E83C4987361D}.Release|x64.ActiveCfg = Release|x64
		{F184FBF9-CB70-477E-AF5C-E83C4987361D}.Release|x64.Build.0 = Release|x64
		{F184FBF9-CB70-477E-AF5C-E83C4987361D}.Release|x86.ActiveCfg = Release|Win32
		{F184FBF9-CB70-477E-AF5C-E83C4987361D}.Release|x86.Build.0 = Release|Win32
	EndGlobalSection
	GlobalSection(SolutionProperties) = preSolution
		HideSolutionNode = FALSE
	EndGlobalSection
	GlobalSection(ExtensibilityGlobals) = postSolution
		SolutionGuid = {E434EF6A-0763-43B8-906B-C3AD3EC6AB8E}
	EndGlobalSection
EndGlobal
